// !$*UTF8*$!
{
	archiveVersion = 1;
	classes = {
	};
	objectVersion = 46;
	objects = {

/* Begin PBXBuildFile section */
		997DEAD41AB1D4EF008FF3CD /* main.cpp in Sources */ = {isa = PBXBuildFile; fileRef = 997DEAD31AB1D4EF008FF3CD /* main.cpp */; };
/* End PBXBuildFile section */

/* Begin PBXCopyFilesBuildPhase section */
		997DEACE1AB1D4EF008FF3CD /* CopyFiles */ = {
			isa = PBXCopyFilesBuildPhase;
			buildActionMask = 2147483647;
			dstPath = /usr/share/man/man1/;
			dstSubfolderSpec = 0;
			files = (
			);
			runOnlyForDeploymentPostprocessing = 1;
		};
/* End PBXCopyFilesBuildPhase section */

/* Begin PBXFileReference section */
		997DEAD01AB1D4EF008FF3CD /* geometric_scaling */ = {isa = PBXFileReference; explicitFileType = "compiled.mach-o.executable"; includeInIndex = 0; path = geometric_scaling; sourceTree = BUILT_PRODUCTS_DIR; };
		997DEAD31AB1D4EF008FF3CD /* main.cpp */ = {isa = PBXFileReference; lastKnownFileType = sourcecode.cpp.cpp; path = main.cpp; sourceTree = "<group>"; };
/* End PBXFileReference section */

/* Begin PBXFrameworksBuildPhase section */
		997DEACD1AB1D4EF008FF3CD /* Frameworks */ = {
			isa = PBXFrameworksBuildPhase;
			buildActionMask = 2147483647;
			files = (
			);
			runOnlyForDeploymentPostprocessing = 0;
		};
/* End PBXFrameworksBuildPhase section */

/* Begin PBXGroup section */
		997DEAC71AB1D4EF008FF3CD = {
			isa = PBXGroup;
			children = (
				997DEAD21AB1D4EF008FF3CD /* geometric_scaling */,
				997DEAD11AB1D4EF008FF3CD /* Products */,
			);
			sourceTree = "<group>";
		};
		997DEAD11AB1D4EF008FF3CD /* Products */ = {
			isa = PBXGroup;
			children = (
				997DEAD01AB1D4EF008FF3CD /* geometric_scaling */,
			);
			name = Products;
			sourceTree = "<group>";
		};
		997DEAD21AB1D4EF008FF3CD /* geometric_scaling */ = {
			isa = PBXGroup;
			children = (
				997DEAD31AB1D4EF008FF3CD /* main.cpp */,
			);
			path = geometric_scaling;
			sourceTree = "<group>";
		};
/* End PBXGroup section */

/* Begin PBXNativeTarget section */
		997DEACF1AB1D4EF008FF3CD /* geometric_scaling */ = {
			isa = PBXNativeTarget;
			buildConfigurationList = 997DEAD71AB1D4EF008FF3CD /* Build configuration list for PBXNativeTarget "geometric_scaling" */;
			buildPhases = (
				997DEACC1AB1D4EF008FF3CD /* Sources */,
				997DEACD1AB1D4EF008FF3CD /* Frameworks */,
				997DEACE1AB1D4EF008FF3CD /* CopyFiles */,
			);
			buildRules = (
			);
			dependencies = (
			);
			name = geometric_scaling;
			productName = geometric_scaling;
			productReference = 997DEAD01AB1D4EF008FF3CD /* geometric_scaling */;
			productType = "com.apple.product-type.tool";
		};
/* End PBXNativeTarget section */

/* Begin PBXProject section */
		997DEAC81AB1D4EF008FF3CD /* Project object */ = {
			isa = PBXProject;
			attributes = {
				LastUpgradeCheck = 0620;
				ORGANIZATIONNAME = "Connor Goddard";
				TargetAttributes = {
					997DEACF1AB1D4EF008FF3CD = {
						CreatedOnToolsVersion = 6.2;
					};
				};
			};
			buildConfigurationList = 997DEACB1AB1D4EF008FF3CD /* Build configuration list for PBXProject "geometric_scaling" */;
			compatibilityVersion = "Xcode 3.2";
			developmentRegion = English;
			hasScannedForEncodings = 0;
			knownRegions = (
				en,
			);
			mainGroup = 997DEAC71AB1D4EF008FF3CD;
			productRefGroup = 997DEAD11AB1D4EF008FF3CD /* Products */;
			projectDirPath = "";
			projectRoot = "";
			targets = (
				997DEACF1AB1D4EF008FF3CD /* geometric_scaling */,
			);
		};
/* End PBXProject section */

/* Begin PBXSourcesBuildPhase section */
		997DEACC1AB1D4EF008FF3CD /* Sources */ = {
			isa = PBXSourcesBuildPhase;
			buildActionMask = 2147483647;
			files = (
				997DEAD41AB1D4EF008FF3CD /* main.cpp in Sources */,
			);
			runOnlyForDeploymentPostprocessing = 0;
		};
/* End PBXSourcesBuildPhase section */

/* Begin XCBuildConfiguration section */
		997DEAD51AB1D4EF008FF3CD /* Debug */ = {
			isa = XCBuildConfiguration;
			buildSettings = {
				ALWAYS_SEARCH_USER_PATHS = NO;
				CLANG_CXX_LANGUAGE_STANDARD = "gnu++0x";
				CLANG_CXX_LIBRARY = "libc++";
				CLANG_ENABLE_MODULES = YES;
				CLANG_ENABLE_OBJC_ARC = YES;
				CLANG_WARN_BOOL_CONVERSION = YES;
				CLANG_WARN_CONSTANT_CONVERSION = YES;
				CLANG_WARN_DIRECT_OBJC_ISA_USAGE = YES_ERROR;
				CLANG_WARN_EMPTY_BODY = YES;
				CLANG_WARN_ENUM_CONVERSION = YES;
				CLANG_WARN_INT_CONVERSION = YES;
				CLANG_WARN_OBJC_ROOT_CLASS = YES_ERROR;
				CLANG_WARN_UNREACHABLE_CODE = YES;
				CLANG_WARN__DUPLICATE_METHOD_MATCH = YES;
				COPY_PHASE_STRIP = NO;
				ENABLE_STRICT_OBJC_MSGSEND = YES;
				GCC_C_LANGUAGE_STANDARD = gnu99;
				GCC_DYNAMIC_NO_PIC = NO;
				GCC_OPTIMIZATION_LEVEL = 0;
				GCC_PREPROCESSOR_DEFINITIONS = (
					"DEBUG=1",
					"$(inherited)",
				);
				GCC_SYMBOLS_PRIVATE_EXTERN = NO;
				GCC_WARN_64_TO_32_BIT_CONVERSION = YES;
				GCC_WARN_ABOUT_RETURN_TYPE = YES_ERROR;
				GCC_WARN_UNDECLARED_SELECTOR = YES;
				GCC_WARN_UNINITIALIZED_AUTOS = YES_AGGRESSIVE;
				GCC_WARN_UNUSED_FUNCTION = YES;
				GCC_WARN_UNUSED_VARIABLE = YES;
				MACOSX_DEPLOYMENT_TARGET = 10.10;
				MTL_ENABLE_DEBUG_INFO = YES;
				ONLY_ACTIVE_ARCH = YES;
				SDKROOT = macosx;
			};
			name = Debug;
		};
		997DEAD61AB1D4EF008FF3CD /* Release */ = {
			isa = XCBuildConfiguration;
			buildSettings = {
				ALWAYS_SEARCH_USER_PATHS = NO;
				CLANG_CXX_LANGUAGE_STANDARD = "gnu++0x";
				CLANG_CXX_LIBRARY = "libc++";
				CLANG_ENABLE_MODULES = YES;
				CLANG_ENABLE_OBJC_ARC = YES;
				CLANG_WARN_BOOL_CONVERSION = YES;
				CLANG_WARN_CONSTANT_CONVERSION = YES;
				CLANG_WARN_DIRECT_OBJC_ISA_USAGE = YES_ERROR;
				CLANG_WARN_EMPTY_BODY = YES;
				CLANG_WARN_ENUM_CONVERSION = YES;
				CLANG_WARN_INT_CONVERSION = YES;
				CLANG_WARN_OBJC_ROOT_CLASS = YES_ERROR;
				CLANG_WARN_UNREACHABLE_CODE = YES;
				CLANG_WARN__DUPLICATE_METHOD_MATCH = YES;
				COPY_PHASE_STRIP = NO;
				DEBUG_INFORMATION_FORMAT = "dwarf-with-dsym";
				ENABLE_NS_ASSERTIONS = NO;
				ENABLE_STRICT_OBJC_MSGSEND = YES;
				GCC_C_LANGUAGE_STANDARD = gnu99;
				GCC_WARN_64_TO_32_BIT_CONVERSION = YES;
				GCC_WARN_ABOUT_RETURN_TYPE = YES_ERROR;
				GCC_WARN_UNDECLARED_SELECTOR = YES;
				GCC_WARN_UNINITIALIZED_AUTOS = YES_AGGRESSIVE;
				GCC_WARN_UNUSED_FUNCTION = YES;
				GCC_WARN_UNUSED_VARIABLE = YES;
				MACOSX_DEPLOYMENT_TARGET = 10.10;
				MTL_ENABLE_DEBUG_INFO = NO;
				SDKROOT = macosx;
			};
			name = Release;
		};
		997DEAD81AB1D4EF008FF3CD /* Debug */ = {
			isa = XCBuildConfiguration;
			buildSettings = {
				HEADER_SEARCH_PATHS = (
					"$(inherited)",
					/Applications/Xcode.app/Contents/Developer/Toolchains/XcodeDefault.xctoolchain/usr/include,
					/usr/local/include,
				);
				LIBRARY_SEARCH_PATHS = /usr/local/lib;
				OTHER_LDFLAGS = (
					"-lopencv_highgui",
					"-lopencv_core",
				);
				PRODUCT_NAME = "$(TARGET_NAME)";
			};
			name = Debug;
		};
		997DEAD91AB1D4EF008FF3CD /* Release */ = {
			isa = XCBuildConfiguration;
			buildSettings = {
				HEADER_SEARCH_PATHS = (
					"$(inherited)",
					/Applications/Xcode.app/Contents/Developer/Toolchains/XcodeDefault.xctoolchain/usr/include,
					/usr/local/include,
				);
				LIBRARY_SEARCH_PATHS = /usr/local/lib;
				OTHER_LDFLAGS = (
					"-lopencv_highgui",
					"-lopencv_core",
				);
				PRODUCT_NAME = "$(TARGET_NAME)";
			};
			name = Release;
		};
/* End XCBuildConfiguration section */

/* Begin XCConfigurationList section */
		997DEACB1AB1D4EF008FF3CD /* Build configuration list for PBXProject "geometric_scaling" */ = {
			isa = XCConfigurationList;
			buildConfigurations = (
				997DEAD51AB1D4EF008FF3CD /* Debug */,
				997DEAD61AB1D4EF008FF3CD /* Release */,
			);
			defaultConfigurationIsVisible = 0;
			defaultConfigurationName = Release;
		};
		997DEAD71AB1D4EF008FF3CD /* Build configuration list for PBXNativeTarget "geometric_scaling" */ = {
			isa = XCConfigurationList;
			buildConfigurations = (
				997DEAD81AB1D4EF008FF3CD /* Debug */,
				997DEAD91AB1D4EF008FF3CD /* Release */,
			);
			defaultConfigurationIsVisible = 0;
		};
/* End XCConfigurationList section */
	};
	rootObject = 997DEAC81AB1D4EF008FF3CD /* Project object */;
}
